
Microsoft Visual Studio Solution File, Format Version 12.00
# Visual Studio 15
VisualStudioVersion = 15.0.27004.2005
MinimumVisualStudioVersion = 10.0.40219.1
Project("{FAE04EC0-301F-11D3-BF4B-00C04F79EFBC}") = "FacebookBot", "FacebookBot\FacebookBot.csproj", "{2C91CCB6-4381-4843-97A6-E7ECEAABA160}"
EndProject
Project("{E53339B2-1760-4266-BCC7-CA923CBCF16C}") = "docker-compose", "docker-compose.dcproj", "{091C65C0-208B-436C-9E65-9A3FC0061226}"
EndProject
Global
	GlobalSection(SolutionConfigurationPlatforms) = preSolution
		Debug|Any CPU = Debug|Any CPU
		Release|Any CPU = Release|Any CPU
	EndGlobalSection
	GlobalSection(ProjectConfigurationPlatforms) = postSolution
		{2C91CCB6-4381-4843-97A6-E7ECEAABA160}.Debug|Any CPU.ActiveCfg = Debug|Any CPU
		{2C91CCB6-4381-4843-97A6-E7ECEAABA160}.Debug|Any CPU.Build.0 = Debug|Any CPU
		{2C91CCB6-4381-4843-97A6-E7ECEAABA160}.Release|Any CPU.ActiveCfg = Release|Any CPU
		{2C91CCB6-4381-4843-97A6-E7ECEAABA160}.Release|Any CPU.Build.0 = Release|Any CPU
		{091C65C0-208B-436C-9E65-9A3FC0061226}.Debug|Any CPU.ActiveCfg = Debug|Any CPU
		{091C65C0-208B-436C-9E65-9A3FC0061226}.Debug|Any CPU.Build.0 = Debug|Any CPU
		{091C65C0-208B-436C-9E65-9A3FC0061226}.Release|Any CPU.ActiveCfg = Release|Any CPU
		{091C65C0-208B-436C-9E65-9A3FC0061226}.Release|Any CPU.Build.0 = Release|Any CPU
	EndGlobalSection
	GlobalSection(SolutionProperties) = preSolution
		HideSolutionNode = FALSE
	EndGlobalSection
	GlobalSection(ExtensibilityGlobals) = postSolution
		SolutionGuid = {B58AF83A-5FF4-447C-8A9F-8292E01F800B}
	EndGlobalSection
EndGlobal
